# Gygax corpus v2 — FROZEN SCHEMA
#
# The v2 schema is frozen as of 2026-09-02. Any database created from a schema
# file whose SHA-256 differs from this value is a different schema and must not
# be built or ingested into by accident.
#
# To change the schema deliberately: edit gygax-v2-schema.sql, re-run the schema
# tests, then update this hash in the same commit so the change is explicit and
# reviewable. Never update this hash to silence an abort.
schema_version = v2.0
frozen_on      = 2026-09-02 (re-frozen: sequence_in_object comment clarified; DDL structure unchanged)
sha256         = 5376e72e619d105eaf624582c942319a65df2a6b53c2c26ff40a34c6a750305f
